
Microsoft Visual Studio Solution File, Format Version 12.00
# Visual Studio 15
VisualStudioVersion = 15.0.28307.1684
MinimumVisualStudioVersion = 10.0.40219.1
Project("{8BC9CEB8-8B4A-11D0-8D11-00A0C91BC942}") = "10-9", "10-9\10-9.vcxproj", "{DEB10D7A-A877-4EDB-A76F-9C3EA8257DB6}"
EndProject
Global
	GlobalSection(SolutionConfigurationPlatforms) = preSolution
		Debug|x64 = Debug|x64
		Debug|x86 = Debug|x86
		Release|x64 = Release|x64
		Release|x86 = Release|x86
	EndGlobalSection
	GlobalSection(ProjectConfigurationPlatforms) = postSolution
		{DEB10D7A-A877-4EDB-A76F-9C3EA8257DB6}.Debug|x64.ActiveCfg = Debug|x64
		{DEB10D7A-A877-4EDB-A76F-9C3EA8257DB6}.Debug|x64.Build.0 = Debug|x64
		{DEB10D7A-A877-4EDB-A76F-9C3EA8257DB6}.Debug|x86.ActiveCfg = Debug|Win32
		{DEB10D7A-A877-4EDB-A76F-9C3EA8257DB6}.Debug|x86.Build.0 = Debug|Win32
		{DEB10D7A-A877-4EDB-A76F-9C3EA8257DB6}.Release|x64.ActiveCfg = Release|x64
		{DEB10D7A-A877-4EDB-A76F-9C3EA8257DB6}.Release|x64.Build.0 = Release|x64
		{DEB10D7A-A877-4EDB-A76F-9C3EA8257DB6}.Release|x86.ActiveCfg = Release|Win32
		{DEB10D7A-A877-4EDB-A76F-9C3EA8257DB6}.Release|x86.Build.0 = Release|Win32
	EndGlobalSection
	GlobalSection(SolutionProperties) = preSolution
		HideSolutionNode = FALSE
	EndGlobalSection
	GlobalSection(ExtensibilityGlobals) = postSolution
		SolutionGuid = {1718FB21-0892-4F41-9C4E-69CAE1081B80}
	EndGlobalSection
EndGlobal
